<?xml version="1.0" encoding="utf-8"?>
<Project ToolsVersion="4.0" xmlns="http://schemas.microsoft.com/developer/msbuild/2003">
  <ItemGroup>
    <Filter Include="Source Files">
      <UniqueIdentifier>{4FC737F1-C7A5-4376-A066-2A32D752A2FF}</UniqueIdentifier>
      <Extensions>cpp;c;cc;cxx;c++;cppm;ixx;def;odl;idl;hpj;bat;asm;asmx</Extensions>
    </Filter>
    <Filter Include="Header Files">
      <UniqueIdentifier>{93995380-89BD-4b04-88EB-625FBE52EBFB}</UniqueIdentifier>
      <Extensions>h;hh;hpp;hxx;h++;hm;inl;inc;ipp;xsd</Extensions>
    </Filter>
    <Filter Include="Resource Files">
      <UniqueIdentifier>{67DA6AB6-F800-4c08-8B7A-83BB121AAD01}</UniqueIdentifier>
      <Extensions>rc;ico;cur;bmp;dlg;rc2;rct;bin;rgs;gif;jpg;jpeg;jpe;resx;tiff;tif;png;wav;mfcribbon-ms</Extensions>
    </Filter>
    <Filter Include="Source Files\dataTypes">
      <UniqueIdentifier>{762c18ef-248d-4255-9de3-c64e39e3b104}</UniqueIdentifier>
    </Filter>
    <Filter Include="Header Files\dataTypes">
      <UniqueIdentifier>{63f5286d-1685-49b6-9622-2fed246c9883}</UniqueIdentifier>
    </Filter>
    <Filter Include="Header Files\resources">
      <UniqueIdentifier>{17533c06-caee-44df-b518-28ae8b4f6cd1}</UniqueIdentifier>
    </Filter>
    <Filter Include="Source Files\UI">
      <UniqueIdentifier>{7d491e4e-086b-495a-8479-70bb91608342}</UniqueIdentifier>
    </Filter>
    <Filter Include="Header Files\UI">
      <UniqueIdentifier>{e6d6a80c-5e8b-4dfb-bbaa-df3cd14c271f}</UniqueIdentifier>
    </Filter>
    <Filter Include="Source Files\CSVHandlers">
      <UniqueIdentifier>{b18ed1c5-970c-40b5-ac1e-da5ab34623f9}</UniqueIdentifier>
    </Filter>
    <Filter Include="Header Files\CSVHandlers">
      <UniqueIdentifier>{75554171-364e-4cdb-9f95-75455cef78fd}</UniqueIdentifier>
    </Filter>
  </ItemGroup>
  <ItemGroup>
    <ClCompile Include="BankSystemProjekt.cpp">
      <Filter>Source Files</Filter>
    </ClCompile>
    <ClCompile Include="Date.cpp">
      <Filter>Source Files\dataTypes</Filter>
    </ClCompile>
    <ClCompile Include="Person.cpp">
      <Filter>Source Files\dataTypes</Filter>
    </ClCompile>
    <ClCompile Include="UI.cpp">
      <Filter>Source Files\UI</Filter>
    </ClCompile>
    <ClCompile Include="bankAccount.cpp">
      <Filter>Source Files\dataTypes</Filter>
    </ClCompile>
    <ClCompile Include="Client.cpp">
      <Filter>Source Files\dataTypes</Filter>
    </ClCompile>
    <ClCompile Include="CSVIterator.cpp">
      <Filter>Source Files\CSVHandlers</Filter>
    </ClCompile>
    <ClCompile Include="CSVRow.cpp">
      <Filter>Source Files\CSVHandlers</Filter>
    </ClCompile>
    <ClCompile Include="CSVRange.cpp">
      <Filter>Source Files\CSVHandlers</Filter>
    </ClCompile>
  </ItemGroup>
  <ItemGroup>
    <ClInclude Include="Date.h">
      <Filter>Header Files\dataTypes</Filter>
    </ClInclude>
    <ClInclude Include="resources.h">
      <Filter>Header Files\resources</Filter>
    </ClInclude>
    <ClInclude Include="error_codes.h">
      <Filter>Header Files\resources</Filter>
    </ClInclude>
    <ClInclude Include="Person.h">
      <Filter>Header Files\dataTypes</Filter>
    </ClInclude>
    <ClInclude Include="UI.h">
      <Filter>Header Files\UI</Filter>
    </ClInclude>
    <ClInclude Include="bankAccount.h">
      <Filter>Header Files\dataTypes</Filter>
    </ClInclude>
    <ClInclude Include="Client.h">
      <Filter>Header Files\dataTypes</Filter>
    </ClInclude>
    <ClInclude Include="CSVIterator.h">
      <Filter>Header Files\CSVHandlers</Filter>
    </ClInclude>
    <ClInclude Include="CSVRow.h">
      <Filter>Header Files\CSVHandlers</Filter>
    </ClInclude>
    <ClInclude Include="CSVRange.h">
      <Filter>Header Files\CSVHandlers</Filter>
    </ClInclude>
  </ItemGroup>
</Project>